{
    "name": "payload",
    "version": "1.0.0",
    "lockfileVersion": 2,
    "requires": true,
    "packages": {
        "": {
            "name": "payload",
            "version": "1.0.0",
            "license": "ISC",
            "dependencies": {
                "esbuild": "^0.12.28",
                "morphdom": "^2.6.1"
            }
        },
        "node_modules/esbuild": {
            "version": "0.12.29",
            "resolved": "https://registry.npmjs.org/esbuild/-/esbuild-0.12.29.tgz",
            "integrity": "sha512-w/XuoBCSwepyiZtIRsKsetiLDUVGPVw1E/R3VTFSecIy8UR7Cq3SOtwKHJMFoVqqVG36aGkzh4e8BvpO1Fdc7g==",
            "hasInstallScript": true,
            "bin": {
                "esbuild": "bin/esbuild"
            }
        },
        "node_modules/morphdom": {
            "version": "2.6.1",
            "resolved": "https://registry.npmjs.org/morphdom/-/morphdom-2.6.1.tgz",
            "integrity": "sha512-Y8YRbAEP3eKykroIBWrjcfMw7mmwJfjhqdpSvoqinu8Y702nAwikpXcNFDiIkyvfCLxLM9Wu95RZqo4a9jFBaA=="
        }
    },
    "dependencies": {
        "esbuild": {
            "version": "0.12.29",
            "resolved": "https://registry.npmjs.org/esbuild/-/esbuild-0.12.29.tgz",
            "integrity": "sha512-w/XuoBCSwepyiZtIRsKsetiLDUVGPVw1E/R3VTFSecIy8UR7Cq3SOtwKHJMFoVqqVG36aGkzh4e8BvpO1Fdc7g=="
        },
        "morphdom": {
            "version": "2.6.1",
            "resolved": "https://registry.npmjs.org/morphdom/-/morphdom-2.6.1.tgz",
            "integrity": "sha512-Y8YRbAEP3eKykroIBWrjcfMw7mmwJfjhqdpSvoqinu8Y702nAwikpXcNFDiIkyvfCLxLM9Wu95RZqo4a9jFBaA=="
        }
    }
}
