github.com/kyoto-framework/scheduler v0.0.0-20211221122534-9b3fccef6e2a h1:hycOFi0gfaiyeeMdpBHwZgrTapXMjL73/IR0H7rkCEs=
github.com/kyoto-framework/scheduler v0.0.0-20211221122534-9b3fccef6e2a/go.mod h1:hJ7obZkOy4OXQFpzwoFWG82T56Sx9BIrmiEX+y3JFfM=
github.com/kyoto-framework/scheduler v0.0.0-20211221125835-9a2177e77870 h1:zWtGTk5xDKcbuFQ4xJbiHg8dyWsRbN4RjeF5zydfO4o=
github.com/kyoto-framework/scheduler v0.0.0-20211221125835-9a2177e77870/go.mod h1:hJ7obZkOy4OXQFpzwoFWG82T56Sx9BIrmiEX+y3JFfM=
github.com/kyoto-framework/scheduler v0.0.0-20211224084853-ba16fe48277f h1:EGswv1JrLcD07kxvdsKA0O180x4qwIUm8UKvqI+l6m4=
github.com/kyoto-framework/scheduler v0.0.0-20211224084853-ba16fe48277f/go.mod h1:hJ7obZkOy4OXQFpzwoFWG82T56Sx9BIrmiEX+y3JFfM=
github.com/kyoto-framework/scheduler v0.0.0-20220110122953-77ca0d0ba0c4 h1:6qNB5v1KHs8KCZvm6EQ6g0qA/LBZE1OJBXZKFnwbNhQ=
github.com/kyoto-framework/scheduler v0.0.0-20220110122953-77ca0d0ba0c4/go.mod h1:hJ7obZkOy4OXQFpzwoFWG82T56Sx9BIrmiEX+y3JFfM=
github.com/kyoto-framework/scheduler v0.0.0-20220124201133-9cbbc85d36c7 h1:GOpFOXmXUTcJnFg5G7TudewYlzqsw/54cc8MpGSpcO0=
github.com/kyoto-framework/scheduler v0.0.0-20220124201133-9cbbc85d36c7/go.mod h1:hJ7obZkOy4OXQFpzwoFWG82T56Sx9BIrmiEX+y3JFfM=
github.com/kyoto-framework/scheduler v0.0.0-20220124220734-14f5847d3440 h1:ObtLDpTZ8imRvUrUPXT6rpsQbf11kkA1QadsZU0RJkQ=
github.com/kyoto-framework/scheduler v0.0.0-20220124220734-14f5847d3440/go.mod h1:hJ7obZkOy4OXQFpzwoFWG82T56Sx9BIrmiEX+y3JFfM=
