github.com/yuriizinets/go-common v1.13.0 h1:2lGTXW072Swu1Oebgq4px6de/On8rj8km1mQnOQLN5A=
github.com/yuriizinets/go-common v1.13.0/go.mod h1:e8qs8TpGTKavcMojePH+/p4681LttzNEYjNMvKnvvQg=
github.com/yuriizinets/ssceng v0.0.0-20210916082523-81b7986e3524 h1:d/SOijN7MTYBaFYupPdiitgIaAxfobeKE3nSqApz9d4=
github.com/yuriizinets/ssceng v0.0.0-20210916082523-81b7986e3524/go.mod h1:l8tFeMfpiiG1n8dQYM1OpmQ1uJ6ziisjH3F+QEToHgE=
